
Microsoft Visual Studio Solution File, Format Version 12.00
# Visual Studio Version 17
VisualStudioVersion = 17.11.35327.3
MinimumVisualStudioVersion = 10.0.40219.1
Project("{FAE04EC0-301F-11D3-BF4B-00C04F79EFBC}") = "WeatherForecastApp", "WeatherForecastApp\WeatherForecastApp.csproj", "{2837FD6F-9796-49D3-8EA2-955C5009D196}"
EndProject
Global
	GlobalSection(SolutionConfigurationPlatforms) = preSolution
		Debug|Any CPU = Debug|Any CPU
		Release|Any CPU = Release|Any CPU
	EndGlobalSection
	GlobalSection(ProjectConfigurationPlatforms) = postSolution
		{2837FD6F-9796-49D3-8EA2-955C5009D196}.Debug|Any CPU.ActiveCfg = Debug|Any CPU
		{2837FD6F-9796-49D3-8EA2-955C5009D196}.Debug|Any CPU.Build.0 = Debug|Any CPU
		{2837FD6F-9796-49D3-8EA2-955C5009D196}.Release|Any CPU.ActiveCfg = Release|Any CPU
		{2837FD6F-9796-49D3-8EA2-955C5009D196}.Release|Any CPU.Build.0 = Release|Any CPU
	EndGlobalSection
	GlobalSection(SolutionProperties) = preSolution
		HideSolutionNode = FALSE
	EndGlobalSection
	GlobalSection(ExtensibilityGlobals) = postSolution
		SolutionGuid = {16D6F615-7692-48FB-9319-07A909A32F70}
	EndGlobalSection
EndGlobal
